
Microsoft Visual Studio Solution File, Format Version 12.00
# Visual Studio Version 17
VisualStudioVersion = 17.13.35931.197 d17.13
MinimumVisualStudioVersion = 10.0.40219.1
Project("{FAE04EC0-301F-11D3-BF4B-00C04F79EFBC}") = "ScraperForBet.Core", "ScraperForBet.Core\ScraperForBet.Core.csproj", "{791DF2C5-84A8-41D9-973A-C3542E6E26BC}"
EndProject
Global
	GlobalSection(SolutionConfigurationPlatforms) = preSolution
		Debug|Any CPU = Debug|Any CPU
		Release|Any CPU = Release|Any CPU
	EndGlobalSection
	GlobalSection(ProjectConfigurationPlatforms) = postSolution
		{791DF2C5-84A8-41D9-973A-C3542E6E26BC}.Debug|Any CPU.ActiveCfg = Debug|Any CPU
		{791DF2C5-84A8-41D9-973A-C3542E6E26BC}.Debug|Any CPU.Build.0 = Debug|Any CPU
		{791DF2C5-84A8-41D9-973A-C3542E6E26BC}.Release|Any CPU.ActiveCfg = Release|Any CPU
		{791DF2C5-84A8-41D9-973A-C3542E6E26BC}.Release|Any CPU.Build.0 = Release|Any CPU
	EndGlobalSection
	GlobalSection(SolutionProperties) = preSolution
		HideSolutionNode = FALSE
	EndGlobalSection
	GlobalSection(ExtensibilityGlobals) = postSolution
		SolutionGuid = {BD56A1B5-B266-4E79-8E2D-23610F3035D1}
	EndGlobalSection
EndGlobal
